
Microsoft Visual Studio Solution File, Format Version 12.00
# Visual Studio Version 16
VisualStudioVersion = 16.0.32929.386
MinimumVisualStudioVersion = 10.0.40219.1
Project("{FAE04EC0-301F-11D3-BF4B-00C04F79EFBC}") = "ControlesXamarinForms.Android", "ControlesXamarinForms\ControlesXamarinForms.Android\ControlesXamarinForms.Android.csproj", "{2AC3A7A0-A846-409C-B1F2-A3DE236E5666}"
EndProject
Project("{FAE04EC0-301F-11D3-BF4B-00C04F79EFBC}") = "ControlesXamarinForms", "ControlesXamarinForms\ControlesXamarinForms\ControlesXamarinForms.csproj", "{1B729F5F-9DC6-4FBB-8438-B9A793CFAA60}"
EndProject
Global
	GlobalSection(SolutionConfigurationPlatforms) = preSolution
		Debug|Any CPU = Debug|Any CPU
		Release|Any CPU = Release|Any CPU
	EndGlobalSection
	GlobalSection(ProjectConfigurationPlatforms) = postSolution
		{2AC3A7A0-A846-409C-B1F2-A3DE236E5666}.Debug|Any CPU.ActiveCfg = Debug|Any CPU
		{2AC3A7A0-A846-409C-B1F2-A3DE236E5666}.Debug|Any CPU.Build.0 = Debug|Any CPU
		{2AC3A7A0-A846-409C-B1F2-A3DE236E5666}.Debug|Any CPU.Deploy.0 = Debug|Any CPU
		{2AC3A7A0-A846-409C-B1F2-A3DE236E5666}.Release|Any CPU.ActiveCfg = Release|Any CPU
		{2AC3A7A0-A846-409C-B1F2-A3DE236E5666}.Release|Any CPU.Build.0 = Release|Any CPU
		{2AC3A7A0-A846-409C-B1F2-A3DE236E5666}.Release|Any CPU.Deploy.0 = Release|Any CPU
		{1B729F5F-9DC6-4FBB-8438-B9A793CFAA60}.Debug|Any CPU.ActiveCfg = Debug|Any CPU
		{1B729F5F-9DC6-4FBB-8438-B9A793CFAA60}.Debug|Any CPU.Build.0 = Debug|Any CPU
		{1B729F5F-9DC6-4FBB-8438-B9A793CFAA60}.Debug|Any CPU.Deploy.0 = Debug|Any CPU
		{1B729F5F-9DC6-4FBB-8438-B9A793CFAA60}.Release|Any CPU.ActiveCfg = Release|Any CPU
		{1B729F5F-9DC6-4FBB-8438-B9A793CFAA60}.Release|Any CPU.Build.0 = Release|Any CPU
		{1B729F5F-9DC6-4FBB-8438-B9A793CFAA60}.Release|Any CPU.Deploy.0 = Release|Any CPU
	EndGlobalSection
	GlobalSection(SolutionProperties) = preSolution
		HideSolutionNode = FALSE
	EndGlobalSection
	GlobalSection(ExtensibilityGlobals) = postSolution
		SolutionGuid = {4E4000AE-60D6-4E53-B78D-4CBAE76AF951}
	EndGlobalSection
EndGlobal
